Microsoft Visual Studio Solution File, Format Version 12.00
# Visual Studio Version 17
VisualStudioVersion = 17.5.2.0
MinimumVisualStudioVersion = 10.0.40219.1
Project("{FAE04EC0-301F-11D3-BF4B-00C04F79EFBC}") = "PAssistant", "PAssistant\PAssistant.csproj", "{0A7F61CB-5C14-DE4A-8FCE-56EDFFF5DB20}"
EndProject
Global
	GlobalSection(SolutionConfigurationPlatforms) = preSolution
		Debug|Any CPU = Debug|Any CPU
		Release|Any CPU = Release|Any CPU
	EndGlobalSection
	GlobalSection(ProjectConfigurationPlatforms) = postSolution
		{0A7F61CB-5C14-DE4A-8FCE-56EDFFF5DB20}.Debug|Any CPU.ActiveCfg = Debug|Any CPU
		{0A7F61CB-5C14-DE4A-8FCE-56EDFFF5DB20}.Debug|Any CPU.Build.0 = Debug|Any CPU
		{0A7F61CB-5C14-DE4A-8FCE-56EDFFF5DB20}.Release|Any CPU.ActiveCfg = Release|Any CPU
		{0A7F61CB-5C14-DE4A-8FCE-56EDFFF5DB20}.Release|Any CPU.Build.0 = Release|Any CPU
	EndGlobalSection
	GlobalSection(SolutionProperties) = preSolution
		HideSolutionNode = FALSE
	EndGlobalSection
	GlobalSection(ExtensibilityGlobals) = postSolution
		SolutionGuid = {28E53BFB-3F7D-4317-BE43-10BC657B47B7}
	EndGlobalSection
EndGlobal
